
Microsoft Visual Studio Solution File, Format Version 12.00
# Visual Studio Version 17
VisualStudioVersion = 17.14.36518.9
MinimumVisualStudioVersion = 10.0.40219.1
Project("{2150E333-8FDC-42A3-9474-1A3956D46DE8}") = "src", "src", "{065EDE11-EA94-4EEB-AD9D-637DA4D299BD}"
EndProject
Project("{FAE04EC0-301F-11D3-BF4B-00C04F79EFBC}") = "Domain", "src\Auction.Domain\Domain.csproj", "{F31BB41F-2D41-4D90-8DFF-FB962DA073B5}"
EndProject
Project("{FAE04EC0-301F-11D3-BF4B-00C04F79EFBC}") = "Services", "src\Auction.Services\Services.csproj", "{13345F90-84EC-48D7-9CFC-413D5EE1CD86}"
EndProject
Project("{FAE04EC0-301F-11D3-BF4B-00C04F79EFBC}") = "Infrastructure", "src\Auction.Infrastructure\Infrastructure.csproj", "{AF329E01-9E0E-40E9-AB1E-9821E0F07F2F}"
EndProject
Project("{FAE04EC0-301F-11D3-BF4B-00C04F79EFBC}") = "Eventing", "src\Auction.Eventing\Eventing.csproj", "{EE450D0D-7BF5-4E1C-BD4F-24DC54DE5D64}"
EndProject
Project("{FAE04EC0-301F-11D3-BF4B-00C04F79EFBC}") = "Sync", "src\Auction.Sync\Sync.csproj", "{5532BB35-C979-4770-9D0C-28D93430865D}"
EndProject
Project("{2150E333-8FDC-42A3-9474-1A3956D46DE8}") = "tests", "tests", "{A50C479B-D616-4E74-95CF-DE5BF43D249A}"
EndProject
Project("{FAE04EC0-301F-11D3-BF4B-00C04F79EFBC}") = "IntegrationTests", "tests\IntegrationTests\IntegrationTests.csproj", "{FF77485D-96D1-B1AA-B58F-3986BE3ADB27}"
EndProject
Project("{FAE04EC0-301F-11D3-BF4B-00C04F79EFBC}") = "SimulationTests", "tests\SimulationTests\SimulationTests.csproj", "{F658D956-A0CC-8493-ADFB-16999C1013AC}"
EndProject
Project("{FAE04EC0-301F-11D3-BF4B-00C04F79EFBC}") = "UnitTests", "tests\UnitTests\UnitTests.csproj", "{9D1DD2CD-7B04-4472-4377-027563F356CA}"
EndProject
Global
	GlobalSection(SolutionConfigurationPlatforms) = preSolution
		Debug|Any CPU = Debug|Any CPU
		Debug|x64 = Debug|x64
		Debug|x86 = Debug|x86
		Release|Any CPU = Release|Any CPU
		Release|x64 = Release|x64
		Release|x86 = Release|x86
	EndGlobalSection
	GlobalSection(ProjectConfigurationPlatforms) = postSolution
		{F31BB41F-2D41-4D90-8DFF-FB962DA073B5}.Debug|Any CPU.ActiveCfg = Debug|Any CPU
		{F31BB41F-2D41-4D90-8DFF-FB962DA073B5}.Debug|Any CPU.Build.0 = Debug|Any CPU
		{F31BB41F-2D41-4D90-8DFF-FB962DA073B5}.Debug|x64.ActiveCfg = Debug|Any CPU
		{F31BB41F-2D41-4D90-8DFF-FB962DA073B5}.Debug|x64.Build.0 = Debug|Any CPU
		{F31BB41F-2D41-4D90-8DFF-FB962DA073B5}.Debug|x86.ActiveCfg = Debug|Any CPU
		{F31BB41F-2D41-4D90-8DFF-FB962DA073B5}.Debug|x86.Build.0 = Debug|Any CPU
		{F31BB41F-2D41-4D90-8DFF-FB962DA073B5}.Release|Any CPU.ActiveCfg = Release|Any CPU
		{F31BB41F-2D41-4D90-8DFF-FB962DA073B5}.Release|Any CPU.Build.0 = Release|Any CPU
		{F31BB41F-2D41-4D90-8DFF-FB962DA073B5}.Release|x64.ActiveCfg = Release|Any CPU
		{F31BB41F-2D41-4D90-8DFF-FB962DA073B5}.Release|x64.Build.0 = Release|Any CPU
		{F31BB41F-2D41-4D90-8DFF-FB962DA073B5}.Release|x86.ActiveCfg = Release|Any CPU
		{F31BB41F-2D41-4D90-8DFF-FB962DA073B5}.Release|x86.Build.0 = Release|Any CPU
		{13345F90-84EC-48D7-9CFC-413D5EE1CD86}.Debug|Any CPU.ActiveCfg = Debug|Any CPU
		{13345F90-84EC-48D7-9CFC-413D5EE1CD86}.Debug|Any CPU.Build.0 = Debug|Any CPU
		{13345F90-84EC-48D7-9CFC-413D5EE1CD86}.Debug|x64.ActiveCfg = Debug|Any CPU
		{13345F90-84EC-48D7-9CFC-413D5EE1CD86}.Debug|x64.Build.0 = Debug|Any CPU
		{13345F90-84EC-48D7-9CFC-413D5EE1CD86}.Debug|x86.ActiveCfg = Debug|Any CPU
		{13345F90-84EC-48D7-9CFC-413D5EE1CD86}.Debug|x86.Build.0 = Debug|Any CPU
		{13345F90-84EC-48D7-9CFC-413D5EE1CD86}.Release|Any CPU.ActiveCfg = Release|Any CPU
		{13345F90-84EC-48D7-9CFC-413D5EE1CD86}.Release|Any CPU.Build.0 = Release|Any CPU
		{13345F90-84EC-48D7-9CFC-413D5EE1CD86}.Release|x64.ActiveCfg = Release|Any CPU
		{13345F90-84EC-48D7-9CFC-413D5EE1CD86}.Release|x64.Build.0 = Release|Any CPU
		{13345F90-84EC-48D7-9CFC-413D5EE1CD86}.Release|x86.ActiveCfg = Release|Any CPU
		{13345F90-84EC-48D7-9CFC-413D5EE1CD86}.Release|x86.Build.0 = Release|Any CPU
		{AF329E01-9E0E-40E9-AB1E-9821E0F07F2F}.Debug|Any CPU.ActiveCfg = Debug|Any CPU
		{AF329E01-9E0E-40E9-AB1E-9821E0F07F2F}.Debug|Any CPU.Build.0 = Debug|Any CPU
		{AF329E01-9E0E-40E9-AB1E-9821E0F07F2F}.Debug|x64.ActiveCfg = Debug|Any CPU
		{AF329E01-9E0E-40E9-AB1E-9821E0F07F2F}.Debug|x64.Build.0 = Debug|Any CPU
		{AF329E01-9E0E-40E9-AB1E-9821E0F07F2F}.Debug|x86.ActiveCfg = Debug|Any CPU
		{AF329E01-9E0E-40E9-AB1E-9821E0F07F2F}.Debug|x86.Build.0 = Debug|Any CPU
		{AF329E01-9E0E-40E9-AB1E-9821E0F07F2F}.Release|Any CPU.ActiveCfg = Release|Any CPU
		{AF329E01-9E0E-40E9-AB1E-9821E0F07F2F}.Release|Any CPU.Build.0 = Release|Any CPU
		{AF329E01-9E0E-40E9-AB1E-9821E0F07F2F}.Release|x64.ActiveCfg = Release|Any CPU
		{AF329E01-9E0E-40E9-AB1E-9821E0F07F2F}.Release|x64.Build.0 = Release|Any CPU
		{AF329E01-9E0E-40E9-AB1E-9821E0F07F2F}.Release|x86.ActiveCfg = Release|Any CPU
		{AF329E01-9E0E-40E9-AB1E-9821E0F07F2F}.Release|x86.Build.0 = Release|Any CPU
		{EE450D0D-7BF5-4E1C-BD4F-24DC54DE5D64}.Debug|Any CPU.ActiveCfg = Debug|Any CPU
		{EE450D0D-7BF5-4E1C-BD4F-24DC54DE5D64}.Debug|Any CPU.Build.0 = Debug|Any CPU
		{EE450D0D-7BF5-4E1C-BD4F-24DC54DE5D64}.Debug|x64.ActiveCfg = Debug|Any CPU
		{EE450D0D-7BF5-4E1C-BD4F-24DC54DE5D64}.Debug|x64.Build.0 = Debug|Any CPU
		{EE450D0D-7BF5-4E1C-BD4F-24DC54DE5D64}.Debug|x86.ActiveCfg = Debug|Any CPU
		{EE450D0D-7BF5-4E1C-BD4F-24DC54DE5D64}.Debug|x86.Build.0 = Debug|Any CPU
		{EE450D0D-7BF5-4E1C-BD4F-24DC54DE5D64}.Release|Any CPU.ActiveCfg = Release|Any CPU
		{EE450D0D-7BF5-4E1C-BD4F-24DC54DE5D64}.Release|Any CPU.Build.0 = Release|Any CPU
		{EE450D0D-7BF5-4E1C-BD4F-24DC54DE5D64}.Release|x64.ActiveCfg = Release|Any CPU
		{EE450D0D-7BF5-4E1C-BD4F-24DC54DE5D64}.Release|x64.Build.0 = Release|Any CPU
		{EE450D0D-7BF5-4E1C-BD4F-24DC54DE5D64}.Release|x86.ActiveCfg = Release|Any CPU
		{EE450D0D-7BF5-4E1C-BD4F-24DC54DE5D64}.Release|x86.Build.0 = Release|Any CPU
		{5532BB35-C979-4770-9D0C-28D93430865D}.Debug|Any CPU.ActiveCfg = Debug|Any CPU
		{5532BB35-C979-4770-9D0C-28D93430865D}.Debug|Any CPU.Build.0 = Debug|Any CPU
		{5532BB35-C979-4770-9D0C-28D93430865D}.Debug|x64.ActiveCfg = Debug|Any CPU
		{5532BB35-C979-4770-9D0C-28D93430865D}.Debug|x64.Build.0 = Debug|Any CPU
		{5532BB35-C979-4770-9D0C-28D93430865D}.Debug|x86.ActiveCfg = Debug|Any CPU
		{5532BB35-C979-4770-9D0C-28D93430865D}.Debug|x86.Build.0 = Debug|Any CPU
		{5532BB35-C979-4770-9D0C-28D93430865D}.Release|Any CPU.ActiveCfg = Release|Any CPU
		{5532BB35-C979-4770-9D0C-28D93430865D}.Release|Any CPU.Build.0 = Release|Any CPU
		{5532BB35-C979-4770-9D0C-28D93430865D}.Release|x64.ActiveCfg = Release|Any CPU
		{5532BB35-C979-4770-9D0C-28D93430865D}.Release|x64.Build.0 = Release|Any CPU
		{5532BB35-C979-4770-9D0C-28D93430865D}.Release|x86.ActiveCfg = Release|Any CPU
		{5532BB35-C979-4770-9D0C-28D93430865D}.Release|x86.Build.0 = Release|Any CPU
		{FF77485D-96D1-B1AA-B58F-3986BE3ADB27}.Debug|Any CPU.ActiveCfg = Debug|Any CPU
		{FF77485D-96D1-B1AA-B58F-3986BE3ADB27}.Debug|Any CPU.Build.0 = Debug|Any CPU
		{FF77485D-96D1-B1AA-B58F-3986BE3ADB27}.Debug|x64.ActiveCfg = Debug|Any CPU
		{FF77485D-96D1-B1AA-B58F-3986BE3ADB27}.Debug|x64.Build.0 = Debug|Any CPU
		{FF77485D-96D1-B1AA-B58F-3986BE3ADB27}.Debug|x86.ActiveCfg = Debug|Any CPU
		{FF77485D-96D1-B1AA-B58F-3986BE3ADB27}.Debug|x86.Build.0 = Debug|Any CPU
		{FF77485D-96D1-B1AA-B58F-3986BE3ADB27}.Release|Any CPU.ActiveCfg = Release|Any CPU
		{FF77485D-96D1-B1AA-B58F-3986BE3ADB27}.Release|Any CPU.Build.0 = Release|Any CPU
		{FF77485D-96D1-B1AA-B58F-3986BE3ADB27}.Release|x64.ActiveCfg = Release|Any CPU
		{FF77485D-96D1-B1AA-B58F-3986BE3ADB27}.Release|x64.Build.0 = Release|Any CPU
		{FF77485D-96D1-B1AA-B58F-3986BE3ADB27}.Release|x86.ActiveCfg = Release|Any CPU
		{FF77485D-96D1-B1AA-B58F-3986BE3ADB27}.Release|x86.Build.0 = Release|Any CPU
		{F658D956-A0CC-8493-ADFB-16999C1013AC}.Debug|Any CPU.ActiveCfg = Debug|Any CPU
		{F658D956-A0CC-8493-ADFB-16999C1013AC}.Debug|Any CPU.Build.0 = Debug|Any CPU
		{F658D956-A0CC-8493-ADFB-16999C1013AC}.Debug|x64.ActiveCfg = Debug|Any CPU
		{F658D956-A0CC-8493-ADFB-16999C1013AC}.Debug|x64.Build.0 = Debug|Any CPU
		{F658D956-A0CC-8493-ADFB-16999C1013AC}.Debug|x86.ActiveCfg = Debug|Any CPU
		{F658D956-A0CC-8493-ADFB-16999C1013AC}.Debug|x86.Build.0 = Debug|Any CPU
		{F658D956-A0CC-8493-ADFB-16999C1013AC}.Release|Any CPU.ActiveCfg = Release|Any CPU
		{F658D956-A0CC-8493-ADFB-16999C1013AC}.Release|Any CPU.Build.0 = Release|Any CPU
		{F658D956-A0CC-8493-ADFB-16999C1013AC}.Release|x64.ActiveCfg = Release|Any CPU
		{F658D956-A0CC-8493-ADFB-16999C1013AC}.Release|x64.Build.0 = Release|Any CPU
		{F658D956-A0CC-8493-ADFB-16999C1013AC}.Release|x86.ActiveCfg = Release|Any CPU
		{F658D956-A0CC-8493-ADFB-16999C1013AC}.Release|x86.Build.0 = Release|Any CPU
		{9D1DD2CD-7B04-4472-4377-027563F356CA}.Debug|Any CPU.ActiveCfg = Debug|Any CPU
		{9D1DD2CD-7B04-4472-4377-027563F356CA}.Debug|Any CPU.Build.0 = Debug|Any CPU
		{9D1DD2CD-7B04-4472-4377-027563F356CA}.Debug|x64.ActiveCfg = Debug|Any CPU
		{9D1DD2CD-7B04-4472-4377-027563F356CA}.Debug|x64.Build.0 = Debug|Any CPU
		{9D1DD2CD-7B04-4472-4377-027563F356CA}.Debug|x86.ActiveCfg = Debug|Any CPU
		{9D1DD2CD-7B04-4472-4377-027563F356CA}.Debug|x86.Build.0 = Debug|Any CPU
		{9D1DD2CD-7B04-4472-4377-027563F356CA}.Release|Any CPU.ActiveCfg = Release|Any CPU
		{9D1DD2CD-7B04-4472-4377-027563F356CA}.Release|Any CPU.Build.0 = Release|Any CPU
		{9D1DD2CD-7B04-4472-4377-027563F356CA}.Release|x64.ActiveCfg = Release|Any CPU
		{9D1DD2CD-7B04-4472-4377-027563F356CA}.Release|x64.Build.0 = Release|Any CPU
		{9D1DD2CD-7B04-4472-4377-027563F356CA}.Release|x86.ActiveCfg = Release|Any CPU
		{9D1DD2CD-7B04-4472-4377-027563F356CA}.Release|x86.Build.0 = Release|Any CPU
	EndGlobalSection
	GlobalSection(SolutionProperties) = preSolution
		HideSolutionNode = FALSE
	EndGlobalSection
	GlobalSection(NestedProjects) = preSolution
		{F31BB41F-2D41-4D90-8DFF-FB962DA073B5} = {065EDE11-EA94-4EEB-AD9D-637DA4D299BD}
		{13345F90-84EC-48D7-9CFC-413D5EE1CD86} = {065EDE11-EA94-4EEB-AD9D-637DA4D299BD}
		{AF329E01-9E0E-40E9-AB1E-9821E0F07F2F} = {065EDE11-EA94-4EEB-AD9D-637DA4D299BD}
		{EE450D0D-7BF5-4E1C-BD4F-24DC54DE5D64} = {065EDE11-EA94-4EEB-AD9D-637DA4D299BD}
		{5532BB35-C979-4770-9D0C-28D93430865D} = {065EDE11-EA94-4EEB-AD9D-637DA4D299BD}
		{FF77485D-96D1-B1AA-B58F-3986BE3ADB27} = {A50C479B-D616-4E74-95CF-DE5BF43D249A}
		{F658D956-A0CC-8493-ADFB-16999C1013AC} = {A50C479B-D616-4E74-95CF-DE5BF43D249A}
		{9D1DD2CD-7B04-4472-4377-027563F356CA} = {A50C479B-D616-4E74-95CF-DE5BF43D249A}
	EndGlobalSection
	GlobalSection(ExtensibilityGlobals) = postSolution
		SolutionGuid = {E8125941-FF16-4123-8C17-DCB4EE8697FC}
	EndGlobalSection
EndGlobal
